
Microsoft Visual Studio Solution File, Format Version 12.00
# Visual Studio Version 17
VisualStudioVersion = 17.9.34526.213
MinimumVisualStudioVersion = 10.0.40219.1
Project("{FAE04EC0-301F-11D3-BF4B-00C04F79EFBC}") = "summertimefademo1", "summertimefademo1\summertimefademo1.csproj", "{10FB64BD-2BF3-4646-B3D4-D3020D9EE5AF}"
EndProject
Global
	GlobalSection(SolutionConfigurationPlatforms) = preSolution
		Debug|Any CPU = Debug|Any CPU
		Release|Any CPU = Release|Any CPU
	EndGlobalSection
	GlobalSection(ProjectConfigurationPlatforms) = postSolution
		{10FB64BD-2BF3-4646-B3D4-D3020D9EE5AF}.Debug|Any CPU.ActiveCfg = Debug|Any CPU
		{10FB64BD-2BF3-4646-B3D4-D3020D9EE5AF}.Debug|Any CPU.Build.0 = Debug|Any CPU
		{10FB64BD-2BF3-4646-B3D4-D3020D9EE5AF}.Release|Any CPU.ActiveCfg = Release|Any CPU
		{10FB64BD-2BF3-4646-B3D4-D3020D9EE5AF}.Release|Any CPU.Build.0 = Release|Any CPU
	EndGlobalSection
	GlobalSection(SolutionProperties) = preSolution
		HideSolutionNode = FALSE
	EndGlobalSection
	GlobalSection(ExtensibilityGlobals) = postSolution
		SolutionGuid = {11260BDE-9984-44DE-9CAB-3039BE6F6BE7}
	EndGlobalSection
EndGlobal
