
Microsoft Visual Studio Solution File, Format Version 12.00
# Visual Studio Version 17
VisualStudioVersion = 17.9.34526.213
MinimumVisualStudioVersion = 10.0.40219.1
Project("{FAE04EC0-301F-11D3-BF4B-00C04F79EFBC}") = "summertimefademo1", "summertimefademo1.csproj", "{0432F803-2956-4CF1-A459-C74F97F7BCA4}"
EndProject
Global
	GlobalSection(SolutionConfigurationPlatforms) = preSolution
		Debug|Any CPU = Debug|Any CPU
		Release|Any CPU = Release|Any CPU
	EndGlobalSection
	GlobalSection(ProjectConfigurationPlatforms) = postSolution
		{0432F803-2956-4CF1-A459-C74F97F7BCA4}.Debug|Any CPU.ActiveCfg = Debug|Any CPU
		{0432F803-2956-4CF1-A459-C74F97F7BCA4}.Debug|Any CPU.Build.0 = Debug|Any CPU
		{0432F803-2956-4CF1-A459-C74F97F7BCA4}.Release|Any CPU.ActiveCfg = Release|Any CPU
		{0432F803-2956-4CF1-A459-C74F97F7BCA4}.Release|Any CPU.Build.0 = Release|Any CPU
	EndGlobalSection
	GlobalSection(SolutionProperties) = preSolution
		HideSolutionNode = FALSE
	EndGlobalSection
	GlobalSection(ExtensibilityGlobals) = postSolution
		SolutionGuid = {7F3FE41B-16D8-443D-BB86-3A028DDA34BA}
	EndGlobalSection
EndGlobal
